<?xml version="1.0" encoding="utf-8"?>
<Project ToolsVersion="4.0" xmlns="http://schemas.microsoft.com/developer/msbuild/2003">
  <ItemGroup>
    <Filter Include="源文件">
      <UniqueIdentifier>{4FC737F1-C7A5-4376-A066-2A32D752A2FF}</UniqueIdentifier>
      <Extensions>cpp;c;cc;cxx;c++;cppm;ixx;def;odl;idl;hpj;bat;asm;asmx</Extensions>
    </Filter>
    <Filter Include="头文件">
      <UniqueIdentifier>{93995380-89BD-4b04-88EB-625FBE52EBFB}</UniqueIdentifier>
      <Extensions>h;hh;hpp;hxx;h++;hm;inl;inc;ipp;xsd</Extensions>
    </Filter>
    <Filter Include="资源文件">
      <UniqueIdentifier>{67DA6AB6-F800-4c08-8B7A-83BB121AAD01}</UniqueIdentifier>
      <Extensions>rc;ico;cur;bmp;dlg;rc2;rct;bin;rgs;gif;jpg;jpeg;jpe;resx;tiff;tif;png;wav;mfcribbon-ms</Extensions>
    </Filter>
    <Filter Include="资源文件\data">
      <UniqueIdentifier>{5cde22d7-24c6-4102-880e-190258bb5220}</UniqueIdentifier>
    </Filter>
    <Filter Include="资源文件\export">
      <UniqueIdentifier>{7c5f8d30-90af-45ab-9cff-a3e465f8f098}</UniqueIdentifier>
    </Filter>
    <Filter Include="头文件\python">
      <UniqueIdentifier>{4ac2ce23-2bf6-4fdc-bceb-ba8ec43d1218}</UniqueIdentifier>
    </Filter>
    <Filter Include="资源文件\export\csv">
      <UniqueIdentifier>{00c1fd64-c62b-47c0-85a9-e85a63b33b77}</UniqueIdentifier>
    </Filter>
    <Filter Include="资源文件\export\excel">
      <UniqueIdentifier>{d8072c27-4da4-4690-8e23-96549733a40d}</UniqueIdentifier>
    </Filter>
    <Filter Include="资源文件\export\UIGFv3">
      <UniqueIdentifier>{84215980-6170-4fd2-8a45-cccc559bd5d0}</UniqueIdentifier>
    </Filter>
    <Filter Include="资源文件\export\UIGFv4">
      <UniqueIdentifier>{a2977a3d-5545-4c14-8da2-83928f6f39b5}</UniqueIdentifier>
    </Filter>
    <Filter Include="头文件\外部依赖">
      <UniqueIdentifier>{2106e018-88ad-49b7-8e8e-645605cfcec9}</UniqueIdentifier>
    </Filter>
  </ItemGroup>
  <ItemGroup>
    <None Include="config.json">
      <Filter>资源文件</Filter>
    </None>
    <None Include="GachaType.json">
      <Filter>资源文件</Filter>
    </None>
    <None Include="data\gacha_list.json">
      <Filter>资源文件\data</Filter>
    </None>
    <None Include="python\export.py">
      <Filter>头文件\python</Filter>
    </None>
    <None Include="language.json">
      <Filter>资源文件</Filter>
    </None>
  </ItemGroup>
  <ItemGroup>
    <ClCompile Include="src\config.cpp">
      <Filter>源文件</Filter>
    </ClCompile>
    <ClCompile Include="src\data.cpp">
      <Filter>源文件</Filter>
    </ClCompile>
    <ClCompile Include="src\export.cpp">
      <Filter>源文件</Filter>
    </ClCompile>
    <ClCompile Include="src\gachatype.cpp">
      <Filter>源文件</Filter>
    </ClCompile>
    <ClCompile Include="src\getData.cpp">
      <Filter>源文件</Filter>
    </ClCompile>
    <ClCompile Include="src\main.cpp">
      <Filter>源文件</Filter>
    </ClCompile>
    <ClCompile Include="src\path.cpp">
      <Filter>源文件</Filter>
    </ClCompile>
    <ClCompile Include="src\show.cpp">
      <Filter>源文件</Filter>
    </ClCompile>
    <ClCompile Include="src\utils.cpp">
      <Filter>源文件</Filter>
    </ClCompile>
    <ClCompile Include="src\validate.cpp">
      <Filter>源文件</Filter>
    </ClCompile>
    <ClCompile Include="src\setting.cpp">
      <Filter>源文件</Filter>
    </ClCompile>
    <ClCompile Include="src\language.cpp">
      <Filter>源文件</Filter>
    </ClCompile>
  </ItemGroup>
  <ItemGroup>
    <ClInclude Include="include\json.hpp">
      <Filter>头文件\外部依赖</Filter>
    </ClInclude>
    <ClInclude Include="include\picosha2.h">
      <Filter>头文件\外部依赖</Filter>
    </ClInclude>
    <ClInclude Include="include\config.h">
      <Filter>头文件</Filter>
    </ClInclude>
    <ClInclude Include="include\data.h">
      <Filter>头文件</Filter>
    </ClInclude>
    <ClInclude Include="include\export.h">
      <Filter>头文件</Filter>
    </ClInclude>
    <ClInclude Include="include\gachatype.h">
      <Filter>头文件</Filter>
    </ClInclude>
    <ClInclude Include="include\getData.h">
      <Filter>头文件</Filter>
    </ClInclude>
    <ClInclude Include="include\globals.h">
      <Filter>头文件</Filter>
    </ClInclude>
    <ClInclude Include="include\path.h">
      <Filter>头文件</Filter>
    </ClInclude>
    <ClInclude Include="include\resource.h">
      <Filter>头文件</Filter>
    </ClInclude>
    <ClInclude Include="include\show.h">
      <Filter>头文件</Filter>
    </ClInclude>
    <ClInclude Include="include\utils.h">
      <Filter>头文件</Filter>
    </ClInclude>
    <ClInclude Include="include\validate.h">
      <Filter>头文件</Filter>
    </ClInclude>
    <ClInclude Include="include\httplib.h">
      <Filter>头文件</Filter>
    </ClInclude>
    <ClInclude Include="include\setting.h">
      <Filter>头文件</Filter>
    </ClInclude>
    <ClInclude Include="include\language.h">
      <Filter>头文件</Filter>
    </ClInclude>
  </ItemGroup>
  <ItemGroup>
    <Image Include="resource\favicon.ico">
      <Filter>资源文件</Filter>
    </Image>
  </ItemGroup>
  <ItemGroup>
    <ResourceCompile Include="resource\Wuthering Waves Convene Export.rc">
      <Filter>资源文件</Filter>
    </ResourceCompile>
  </ItemGroup>
</Project>